
Microsoft Visual Studio Solution File, Format Version 12.00
# Visual Studio Version 16
VisualStudioVersion = 25.0.1706.14
MinimumVisualStudioVersion = 10.0.40219.1
Project("{FAE04EC0-301F-11D3-BF4B-00C04F79EFBC}") = "CircleObjects", "CircleObjects.csproj", "{C2863488-8504-4D66-A3B3-0420726737FB}"
EndProject
Global
	GlobalSection(SolutionConfigurationPlatforms) = preSolution
		Debug|Any CPU = Debug|Any CPU
		Release|Any CPU = Release|Any CPU
	EndGlobalSection
	GlobalSection(ProjectConfigurationPlatforms) = postSolution
		{C2863488-8504-4D66-A3B3-0420726737FB}.Debug|Any CPU.ActiveCfg = Debug|Any CPU
		{C2863488-8504-4D66-A3B3-0420726737FB}.Debug|Any CPU.Build.0 = Debug|Any CPU
		{C2863488-8504-4D66-A3B3-0420726737FB}.Release|Any CPU.ActiveCfg = Release|Any CPU
		{C2863488-8504-4D66-A3B3-0420726737FB}.Release|Any CPU.Build.0 = Release|Any CPU
	EndGlobalSection
	GlobalSection(SolutionProperties) = preSolution
		HideSolutionNode = FALSE
	EndGlobalSection
	GlobalSection(ExtensibilityGlobals) = postSolution
		SolutionGuid = {37B7FACE-BE60-4E56-BA69-7137D4C3B125}
	EndGlobalSection
EndGlobal
